hash: 6f4204db7519efd7b9a2faed3a6d1036f7d31186aa98e5b04ae6c51298bfd995
updated: 2017-05-02T12:55:18.991788877+09:30
imports:
- name: golang.org/x/net
  version: da118f7b8e5954f39d0d2130ab35d4bf0e3cb344
  subpackages:
  - websocket
- name: golang.org/x/text
  version: 470f45bf29f4147d6fbd7dfd0a02a848e49f5bf4
testImports: []
