hash: 3cafce6f62176991161c2579239f1c0afe0c896b595791c212db76647b6275e0
updated: 2017-05-02T14:49:36.498828768+09:30
imports:
- name: github.com/murlokswarm/app
  version: f5d5a6656108cc5dc576690f989d8110692015ce
- name: github.com/murlokswarm/mac
  version: 7fcf408f7a44c1283f8df198b8a8b409c17c42e2
- name: golang.org/x/net
  version: da118f7b8e5954f39d0d2130ab35d4bf0e3cb344
  subpackages:
  - websocket
testImports: []
